
Microsoft Visual Studio Solution File, Format Version 12.00
# Visual Studio Version 17
VisualStudioVersion = 17.5.002.0
MinimumVisualStudioVersion = 10.0.40219.1
Project("{9A19103F-16F7-4668-BE54-9A1E7A4F7556}") = "Steg 2", "Steg 2.csproj", "{2148C5C4-9ADF-485E-B6DB-7E9CF9FAE76C}"
EndProject
Global
	GlobalSection(SolutionConfigurationPlatforms) = preSolution
		Debug|Any CPU = Debug|Any CPU
		Release|Any CPU = Release|Any CPU
	EndGlobalSection
	GlobalSection(ProjectConfigurationPlatforms) = postSolution
		{2148C5C4-9ADF-485E-B6DB-7E9CF9FAE76C}.Debug|Any CPU.ActiveCfg = Debug|Any CPU
		{2148C5C4-9ADF-485E-B6DB-7E9CF9FAE76C}.Debug|Any CPU.Build.0 = Debug|Any CPU
		{2148C5C4-9ADF-485E-B6DB-7E9CF9FAE76C}.Release|Any CPU.ActiveCfg = Release|Any CPU
		{2148C5C4-9ADF-485E-B6DB-7E9CF9FAE76C}.Release|Any CPU.Build.0 = Release|Any CPU
	EndGlobalSection
	GlobalSection(SolutionProperties) = preSolution
		HideSolutionNode = FALSE
	EndGlobalSection
	GlobalSection(ExtensibilityGlobals) = postSolution
		SolutionGuid = {7D669435-5D07-4D38-8704-A0BD2173FEF4}
	EndGlobalSection
EndGlobal
